// !$*UTF8*$!
{
	archiveVersion = 1;
	classes = {
	};
	objectVersion = 77;
	objects = {

/* Begin PBXContainerItemProxy section */
		BF30F4CD2D520696007635CC /* PBXContainerItemProxy */ = {
			isa = PBXContainerItemProxy;
			containerPortal = BF30F4AF2D520695007635CC /* Project object */;
			proxyType = 1;
			remoteGlobalIDString = BF30F4B62D520695007635CC;
			remoteInfo = ArchitectureTestProject;
		};
		BF30F4D72D520696007635CC /* PBXContainerItemProxy */ = {
			isa = PBXContainerItemProxy;
			containerPortal = BF30F4AF2D520695007635CC /* Project object */;
			proxyType = 1;
			remoteGlobalIDString = BF30F4B62D520695007635CC;
			remoteInfo = ArchitectureTestProject;
		};
/* End PBXContainerItemProxy section */

/* Begin PBXFileReference section */
		BF30F4B72D520695007635CC /* ArchitectureTestProject.app */ = {isa = PBXFileReference; explicitFileType = wrapper.application; includeInIndex = 0; path = ArchitectureTestProject.app; sourceTree = BUILT_PRODUCTS_DIR; };
		BF30F4CC2D520696007635CC /* ArchitectureTestProjectTests.xctest */ = {isa = PBXFileReference; explicitFileType = wrapper.cfbundle; includeInIndex = 0; path = ArchitectureTestProjectTests.xctest; sourceTree = BUILT_PRODUCTS_DIR; };
		BF30F4D62D520696007635CC /* ArchitectureTestProjectUITests.xctest */ = {isa = PBXFileReference; explicitFileType = wrapper.cfbundle; includeInIndex = 0; path = ArchitectureTestProjectUITests.xctest; sourceTree = BUILT_PRODUCTS_DIR; };
/* End PBXFileReference section */

/* Begin PBXFileSystemSynchronizedRootGroup section */
		BF30F4B92D520695007635CC /* ArchitectureTestProject */ = {
			isa = PBXFileSystemSynchronizedRootGroup;
			path = ArchitectureTestProject;
			sourceTree = "<group>";
		};
		BF30F4CF2D520696007635CC /* ArchitectureTestProjectTests */ = {
			isa = PBXFileSystemSynchronizedRootGroup;
			path = ArchitectureTestProjectTests;
			sourceTree = "<group>";
		};
		BF30F4D92D520696007635CC /* ArchitectureTestProjectUITests */ = {
			isa = PBXFileSystemSynchronizedRootGroup;
			path = ArchitectureTestProjectUITests;
			sourceTree = "<group>";
		};
/* End PBXFileSystemSynchronizedRootGroup section */

/* Begin PBXFrameworksBuildPhase section */
		BF30F4B42D520695007635CC /* Frameworks */ = {
			isa = PBXFrameworksBuildPhase;
			buildActionMask = 2147483647;
			files = (
			);
			runOnlyForDeploymentPostprocessing = 0;
		};
		BF30F4C92D520696007635CC /* Frameworks */ = {
			isa = PBXFrameworksBuildPhase;
			buildActionMask = 2147483647;
			files = (
			);
			runOnlyForDeploymentPostprocessing = 0;
		};
		BF30F4D32D520696007635CC /* Frameworks */ = {
			isa = PBXFrameworksBuildPhase;
			buildActionMask = 2147483647;
			files = (
			);
			runOnlyForDeploymentPostprocessing = 0;
		};
/* End PBXFrameworksBuildPhase section */

/* Begin PBXGroup section */
		BF30F4AE2D520695007635CC = {
			isa = PBXGroup;
			children = (
				BF30F4B92D520695007635CC /* ArchitectureTestProject */,
				BF30F4CF2D520696007635CC /* ArchitectureTestProjectTests */,
				BF30F4D92D520696007635CC /* ArchitectureTestProjectUITests */,
				BF30F4B82D520695007635CC /* Products */,
			);
			sourceTree = "<group>";
		};
		BF30F4B82D520695007635CC /* Products */ = {
			isa = PBXGroup;
			children = (
				BF30F4B72D520695007635CC /* ArchitectureTestProject.app */,
				BF30F4CC2D520696007635CC /* ArchitectureTestProjectTests.xctest */,
				BF30F4D62D520696007635CC /* ArchitectureTestProjectUITests.xctest */,
			);
			name = Products;
			sourceTree = "<group>";
		};
/* End PBXGroup section */

/* Begin PBXNativeTarget section */
		BF30F4B62D520695007635CC /* ArchitectureTestProject */ = {
			isa = PBXNativeTarget;
			buildConfigurationList = BF30F4E02D520696007635CC /* Build configuration list for PBXNativeTarget "ArchitectureTestProject" */;
			buildPhases = (
				BF30F4B32D520695007635CC /* Sources */,
				BF30F4B42D520695007635CC /* Frameworks */,
				BF30F4B52D520695007635CC /* Resources */,
			);
			buildRules = (
			);
			dependencies = (
			);
			fileSystemSynchronizedGroups = (
				BF30F4B92D520695007635CC /* ArchitectureTestProject */,
			);
			name = ArchitectureTestProject;
			packageProductDependencies = (
			);
			productName = ArchitectureTestProject;
			productReference = BF30F4B72D520695007635CC /* ArchitectureTestProject.app */;
			productType = "com.apple.product-type.application";
		};
		BF30F4CB2D520696007635CC /* ArchitectureTestProjectTests */ = {
			isa = PBXNativeTarget;
			buildConfigurationList = BF30F4E32D520696007635CC /* Build configuration list for PBXNativeTarget "ArchitectureTestProjectTests" */;
			buildPhases = (
				BF30F4C82D520696007635CC /* Sources */,
				BF30F4C92D520696007635CC /* Frameworks */,
				BF30F4CA2D520696007635CC /* Resources */,
			);
			buildRules = (
			);
			dependencies = (
				BF30F4CE2D520696007635CC /* PBXTargetDependency */,
			);
			fileSystemSynchronizedGroups = (
				BF30F4CF2D520696007635CC /* ArchitectureTestProjectTests */,
			);
			name = ArchitectureTestProjectTests;
			packageProductDependencies = (
			);
			productName = ArchitectureTestProjectTests;
			productReference = BF30F4CC2D520696007635CC /* ArchitectureTestProjectTests.xctest */;
			productType = "com.apple.product-type.bundle.unit-test";
		};
		BF30F4D52D520696007635CC /* ArchitectureTestProjectUITests */ = {
			isa = PBXNativeTarget;
			buildConfigurationList = BF30F4E62D520696007635CC /* Build configuration list for PBXNativeTarget "ArchitectureTestProjectUITests" */;
			buildPhases = (
				BF30F4D22D520696007635CC /* Sources */,
				BF30F4D32D520696007635CC /* Frameworks */,
				BF30F4D42D520696007635CC /* Resources */,
			);
			buildRules = (
			);
			dependencies = (
				BF30F4D82D520696007635CC /* PBXTargetDependency */,
			);
			fileSystemSynchronizedGroups = (
				BF30F4D92D520696007635CC /* ArchitectureTestProjectUITests */,
			);
			name = ArchitectureTestProjectUITests;
			packageProductDependencies = (
			);
			productName = ArchitectureTestProjectUITests;
			productReference = BF30F4D62D520696007635CC /* ArchitectureTestProjectUITests.xctest */;
			productType = "com.apple.product-type.bundle.ui-testing";
		};
/* End PBXNativeTarget section */

/* Begin PBXProject section */
		BF30F4AF2D520695007635CC /* Project object */ = {
			isa = PBXProject;
			attributes = {
				BuildIndependentTargetsInParallel = 1;
				LastSwiftUpdateCheck = 1600;
				LastUpgradeCheck = 1600;
				TargetAttributes = {
					BF30F4B62D520695007635CC = {
						CreatedOnToolsVersion = 16.0;
					};
					BF30F4CB2D520696007635CC = {
						CreatedOnToolsVersion = 16.0;
						TestTargetID = BF30F4B62D520695007635CC;
					};
					BF30F4D52D520696007635CC = {
						CreatedOnToolsVersion = 16.0;
						TestTargetID = BF30F4B62D520695007635CC;
					};
				};
			};
			buildConfigurationList = BF30F4B22D520695007635CC /* Build configuration list for PBXProject "ArchitectureTestProject" */;
			developmentRegion = en;
			hasScannedForEncodings = 0;
			knownRegions = (
				en,
				Base,
			);
			mainGroup = BF30F4AE2D520695007635CC;
			minimizedProjectReferenceProxies = 1;
			preferredProjectObjectVersion = 77;
			productRefGroup = BF30F4B82D520695007635CC /* Products */;
			projectDirPath = "";
			projectRoot = "";
			targets = (
				BF30F4B62D520695007635CC /* ArchitectureTestProject */,
				BF30F4CB2D520696007635CC /* ArchitectureTestProjectTests */,
				BF30F4D52D520696007635CC /* ArchitectureTestProjectUITests */,
			);
		};
/* End PBXProject section */

/* Begin PBXResourcesBuildPhase section */
		BF30F4B52D520695007635CC /* Resources */ = {
			isa = PBXResourcesBuildPhase;
			buildActionMask = 2147483647;
			files = (
			);
			runOnlyForDeploymentPostprocessing = 0;
		};
		BF30F4CA2D520696007635CC /* Resources */ = {
			isa = PBXResourcesBuildPhase;
			buildActionMask = 2147483647;
			files = (
			);
			runOnlyForDeploymentPostprocessing = 0;
		};
		BF30F4D42D520696007635CC /* Resources */ = {
			isa = PBXResourcesBuildPhase;
			buildActionMask = 2147483647;
			files = (
			);
			runOnlyForDeploymentPostprocessing = 0;
		};
/* End PBXResourcesBuildPhase section */

/* Begin PBXSourcesBuildPhase section */
		BF30F4B32D520695007635CC /* Sources */ = {
			isa = PBXSourcesBuildPhase;
			buildActionMask = 2147483647;
			files = (
			);
			runOnlyForDeploymentPostprocessing = 0;
		};
		BF30F4C82D520696007635CC /* Sources */ = {
			isa = PBXSourcesBuildPhase;
			buildActionMask = 2147483647;
			files = (
			);
			runOnlyForDeploymentPostprocessing = 0;
		};
		BF30F4D22D520696007635CC /* Sources */ = {
			isa = PBXSourcesBuildPhase;
			buildActionMask = 2147483647;
			files = (
			);
			runOnlyForDeploymentPostprocessing = 0;
		};
/* End PBXSourcesBuildPhase section */

/* Begin PBXTargetDependency section */
		BF30F4CE2D520696007635CC /* PBXTargetDependency */ = {
			isa = PBXTargetDependency;
			target = BF30F4B62D520695007635CC /* ArchitectureTestProject */;
			targetProxy = BF30F4CD2D520696007635CC /* PBXContainerItemProxy */;
		};
		BF30F4D82D520696007635CC /* PBXTargetDependency */ = {
			isa = PBXTargetDependency;
			target = BF30F4B62D520695007635CC /* ArchitectureTestProject */;
			targetProxy = BF30F4D72D520696007635CC /* PBXContainerItemProxy */;
		};
/* End PBXTargetDependency section */

/* Begin XCBuildConfiguration section */
		BF30F4DE2D520696007635CC /* Debug */ = {
			isa = XCBuildConfiguration;
			buildSettings = {
				ALWAYS_SEARCH_USER_PATHS = NO;
				ASSETCATALOG_COMPILER_GENERATE_SWIFT_ASSET_SYMBOL_EXTENSIONS = YES;
				CLANG_ANALYZER_NONNULL = YES;
				CLANG_ANALYZER_NUMBER_OBJECT_CONVERSION = YES_AGGRESSIVE;
				CLANG_CXX_LANGUAGE_STANDARD = "gnu++20";
				CLANG_ENABLE_MODULES = YES;
				CLANG_ENABLE_OBJC_ARC = YES;
				CLANG_ENABLE_OBJC_WEAK = YES;
				CLANG_WARN_BLOCK_CAPTURE_AUTORELEASING = YES;
				CLANG_WARN_BOOL_CONVERSION = YES;
				CLANG_WARN_COMMA = YES;
				CLANG_WARN_CONSTANT_CONVERSION = YES;
				CLANG_WARN_DEPRECATED_OBJC_IMPLEMENTATIONS = YES;
				CLANG_WARN_DIRECT_OBJC_ISA_USAGE = YES_ERROR;
				CLANG_WARN_DOCUMENTATION_COMMENTS = YES;
				CLANG_WARN_EMPTY_BODY = YES;
				CLANG_WARN_ENUM_CONVERSION = YES;
				CLANG_WARN_INFINITE_RECURSION = YES;
				CLANG_WARN_INT_CONVERSION = YES;
				CLANG_WARN_NON_LITERAL_NULL_CONVERSION = YES;
				CLANG_WARN_OBJC_IMPLICIT_RETAIN_SELF = YES;
				CLANG_WARN_OBJC_LITERAL_CONVERSION = YES;
				CLANG_WARN_OBJC_ROOT_CLASS = YES_ERROR;
				CLANG_WARN_QUOTED_INCLUDE_IN_FRAMEWORK_HEADER = YES;
				CLANG_WARN_RANGE_LOOP_ANALYSIS = YES;
				CLANG_WARN_STRICT_PROTOTYPES = YES;
				CLANG_WARN_SUSPICIOUS_MOVE = YES;
				CLANG_WARN_UNGUARDED_AVAILABILITY = YES_AGGRESSIVE;
				CLANG_WARN_UNREACHABLE_CODE = YES;
				CLANG_WARN__DUPLICATE_METHOD_MATCH = YES;
				COPY_PHASE_STRIP = NO;
				DEBUG_INFORMATION_FORMAT = dwarf;
				ENABLE_STRICT_OBJC_MSGSEND = YES;
				ENABLE_TESTABILITY = YES;
				ENABLE_USER_SCRIPT_SANDBOXING = YES;
				GCC_C_LANGUAGE_STANDARD = gnu17;
				GCC_DYNAMIC_NO_PIC = NO;
				GCC_NO_COMMON_BLOCKS = YES;
				GCC_OPTIMIZATION_LEVEL = 0;
				GCC_PREPROCESSOR_DEFINITIONS = (
					"DEBUG=1",
					"$(inherited)",
				);
				GCC_WARN_64_TO_32_BIT_CONVERSION = YES;
				GCC_WARN_ABOUT_RETURN_TYPE = YES_ERROR;
				GCC_WARN_UNDECLARED_SELECTOR = YES;
				GCC_WARN_UNINITIALIZED_AUTOS = YES_AGGRESSIVE;
				GCC_WARN_UNUSED_FUNCTION = YES;
				GCC_WARN_UNUSED_VARIABLE = YES;
				IPHONEOS_DEPLOYMENT_TARGET = 18.0;
				LOCALIZATION_PREFERS_STRING_CATALOGS = YES;
				MTL_ENABLE_DEBUG_INFO = INCLUDE_SOURCE;
				MTL_FAST_MATH = YES;
				ONLY_ACTIVE_ARCH = YES;
				SDKROOT = iphoneos;
				SWIFT_ACTIVE_COMPILATION_CONDITIONS = "DEBUG $(inherited)";
				SWIFT_OPTIMIZATION_LEVEL = "-Onone";
			};
			name = Debug;
		};
		BF30F4DF2D520696007635CC /* Release */ = {
			isa = XCBuildConfiguration;
			buildSettings = {
				ALWAYS_SEARCH_USER_PATHS = NO;
				ASSETCATALOG_COMPILER_GENERATE_SWIFT_ASSET_SYMBOL_EXTENSIONS = YES;
				CLANG_ANALYZER_NONNULL = YES;
				CLANG_ANALYZER_NUMBER_OBJECT_CONVERSION = YES_AGGRESSIVE;
				CLANG_CXX_LANGUAGE_STANDARD = "gnu++20";
				CLANG_ENABLE_MODULES = YES;
				CLANG_ENABLE_OBJC_ARC = YES;
				CLANG_ENABLE_OBJC_WEAK = YES;
				CLANG_WARN_BLOCK_CAPTURE_AUTORELEASING = YES;
				CLANG_WARN_BOOL_CONVERSION = YES;
				CLANG_WARN_COMMA = YES;
				CLANG_WARN_CONSTANT_CONVERSION = YES;
				CLANG_WARN_DEPRECATED_OBJC_IMPLEMENTATIONS = YES;
				CLANG_WARN_DIRECT_OBJC_ISA_USAGE = YES_ERROR;
				CLANG_WARN_DOCUMENTATION_COMMENTS = YES;
				CLANG_WARN_EMPTY_BODY = YES;
				CLANG_WARN_ENUM_CONVERSION = YES;
				CLANG_WARN_INFINITE_RECURSION = YES;
				CLANG_WARN_INT_CONVERSION = YES;
				CLANG_WARN_NON_LITERAL_NULL_CONVERSION = YES;
				CLANG_WARN_OBJC_IMPLICIT_RETAIN_SELF = YES;
				CLANG_WARN_OBJC_LITERAL_CONVERSION = YES;
				CLANG_WARN_OBJC_ROOT_CLASS = YES_ERROR;
				CLANG_WARN_QUOTED_INCLUDE_IN_FRAMEWORK_HEADER = YES;
				CLANG_WARN_RANGE_LOOP_ANALYSIS = YES;
				CLANG_WARN_STRICT_PROTOTYPES = YES;
				CLANG_WARN_SUSPICIOUS_MOVE = YES;
				CLANG_WARN_UNGUARDED_AVAILABILITY = YES_AGGRESSIVE;
				CLANG_WARN_UNREACHABLE_CODE = YES;
				CLANG_WARN__DUPLICATE_METHOD_MATCH = YES;
				COPY_PHASE_STRIP = NO;
				DEBUG_INFORMATION_FORMAT = "dwarf-with-dsym";
				ENABLE_NS_ASSERTIONS = NO;
				ENABLE_STRICT_OBJC_MSGSEND = YES;
				ENABLE_USER_SCRIPT_SANDBOXING = YES;
				GCC_C_LANGUAGE_STANDARD = gnu17;
				GCC_NO_COMMON_BLOCKS = YES;
				GCC_WARN_64_TO_32_BIT_CONVERSION = YES;
				GCC_WARN_ABOUT_RETURN_TYPE = YES_ERROR;
				GCC_WARN_UNDECLARED_SELECTOR = YES;
				GCC_WARN_UNINITIALIZED_AUTOS = YES_AGGRESSIVE;
				GCC_WARN_UNUSED_FUNCTION = YES;
				GCC_WARN_UNUSED_VARIABLE = YES;
				IPHONEOS_DEPLOYMENT_TARGET = 18.0;
				LOCALIZATION_PREFERS_STRING_CATALOGS = YES;
				MTL_ENABLE_DEBUG_INFO = NO;
				MTL_FAST_MATH = YES;
				SDKROOT = iphoneos;
				SWIFT_COMPILATION_MODE = wholemodule;
				VALIDATE_PRODUCT = YES;
			};
			name = Release;
		};
		BF30F4E12D520696007635CC /* Debug */ = {
			isa = XCBuildConfiguration;
			buildSettings = {
				ASSETCATALOG_COMPILER_APPICON_NAME = AppIcon;
				ASSETCATALOG_COMPILER_GLOBAL_ACCENT_COLOR_NAME = AccentColor;
				CODE_SIGN_STYLE = Automatic;
				CURRENT_PROJECT_VERSION = 1;
				DEVELOPMENT_ASSET_PATHS = "\"ArchitectureTestProject/Preview Content\"";
				DEVELOPMENT_TEAM = BMZMVWGL7D;
				ENABLE_PREVIEWS = YES;
				GENERATE_INFOPLIST_FILE = YES;
				INFOPLIST_KEY_UIApplicationSceneManifest_Generation = YES;
				INFOPLIST_KEY_UIApplicationSupportsIndirectInputEvents = YES;
				INFOPLIST_KEY_UILaunchScreen_Generation = YES;
				INFOPLIST_KEY_UISupportedInterfaceOrientations_iPad = "UIInterfaceOrientationPortrait UIInterfaceOrientationPortraitUpsideDown UIInterfaceOrientationLandscapeLeft UIInterfaceOrientationLandscapeRight";
				INFOPLIST_KEY_UISupportedInterfaceOrientations_iPhone = "UIInterfaceOrientationPortrait UIInterfaceOrientationLandscapeLeft UIInterfaceOrientationLandscapeRight";
				LD_RUNPATH_SEARCH_PATHS = (
					"$(inherited)",
					"@executable_path/Frameworks",
				);
				MARKETING_VERSION = 1.0;
				PRODUCT_BUNDLE_IDENTIFIER = com.vincent.ArchitectureTestProject;
				PRODUCT_NAME = "$(TARGET_NAME)";
				SWIFT_EMIT_LOC_STRINGS = YES;
				SWIFT_VERSION = 5.0;
				TARGETED_DEVICE_FAMILY = "1,2";
			};
			name = Debug;
		};
		BF30F4E22D520696007635CC /* Release */ = {
			isa = XCBuildConfiguration;
			buildSettings = {
				ASSETCATALOG_COMPILER_APPICON_NAME = AppIcon;
				ASSETCATALOG_COMPILER_GLOBAL_ACCENT_COLOR_NAME = AccentColor;
				CODE_SIGN_STYLE = Automatic;
				CURRENT_PROJECT_VERSION = 1;
				DEVELOPMENT_ASSET_PATHS = "\"ArchitectureTestProject/Preview Content\"";
				DEVELOPMENT_TEAM = BMZMVWGL7D;
				ENABLE_PREVIEWS = YES;
				GENERATE_INFOPLIST_FILE = YES;
				INFOPLIST_KEY_UIApplicationSceneManifest_Generation = YES;
				INFOPLIST_KEY_UIApplicationSupportsIndirectInputEvents = YES;
				INFOPLIST_KEY_UILaunchScreen_Generation = YES;
				INFOPLIST_KEY_UISupportedInterfaceOrientations_iPad = "UIInterfaceOrientationPortrait UIInterfaceOrientationPortraitUpsideDown UIInterfaceOrientationLandscapeLeft UIInterfaceOrientationLandscapeRight";
				INFOPLIST_KEY_UISupportedInterfaceOrientations_iPhone = "UIInterfaceOrientationPortrait UIInterfaceOrientationLandscapeLeft UIInterfaceOrientationLandscapeRight";
				LD_RUNPATH_SEARCH_PATHS = (
					"$(inherited)",
					"@executable_path/Frameworks",
				);
				MARKETING_VERSION = 1.0;
				PRODUCT_BUNDLE_IDENTIFIER = com.vincent.ArchitectureTestProject;
				PRODUCT_NAME = "$(TARGET_NAME)";
				SWIFT_EMIT_LOC_STRINGS = YES;
				SWIFT_VERSION = 5.0;
				TARGETED_DEVICE_FAMILY = "1,2";
			};
			name = Release;
		};
		BF30F4E42D520696007635CC /* Debug */ = {
			isa = XCBuildConfiguration;
			buildSettings = {
				BUNDLE_LOADER = "$(TEST_HOST)";
				CODE_SIGN_STYLE = Automatic;
				CURRENT_PROJECT_VERSION = 1;
				DEVELOPMENT_TEAM = BMZMVWGL7D;
				GENERATE_INFOPLIST_FILE = YES;
				IPHONEOS_DEPLOYMENT_TARGET = 18.0;
				MARKETING_VERSION = 1.0;
				PRODUCT_BUNDLE_IDENTIFIER = com.vincent.ArchitectureTestProjectTests;
				PRODUCT_NAME = "$(TARGET_NAME)";
				SWIFT_EMIT_LOC_STRINGS = NO;
				SWIFT_VERSION = 5.0;
				TARGETED_DEVICE_FAMILY = "1,2";
				TEST_HOST = "$(BUILT_PRODUCTS_DIR)/ArchitectureTestProject.app/$(BUNDLE_EXECUTABLE_FOLDER_PATH)/ArchitectureTestProject";
			};
			name = Debug;
		};
		BF30F4E52D520696007635CC /* Release */ = {
			isa = XCBuildConfiguration;
			buildSettings = {
				BUNDLE_LOADER = "$(TEST_HOST)";
				CODE_SIGN_STYLE = Automatic;
				CURRENT_PROJECT_VERSION = 1;
				DEVELOPMENT_TEAM = BMZMVWGL7D;
				GENERATE_INFOPLIST_FILE = YES;
				IPHONEOS_DEPLOYMENT_TARGET = 18.0;
				MARKETING_VERSION = 1.0;
				PRODUCT_BUNDLE_IDENTIFIER = com.vincent.ArchitectureTestProjectTests;
				PRODUCT_NAME = "$(TARGET_NAME)";
				SWIFT_EMIT_LOC_STRINGS = NO;
				SWIFT_VERSION = 5.0;
				TARGETED_DEVICE_FAMILY = "1,2";
				TEST_HOST = "$(BUILT_PRODUCTS_DIR)/ArchitectureTestProject.app/$(BUNDLE_EXECUTABLE_FOLDER_PATH)/ArchitectureTestProject";
			};
			name = Release;
		};
		BF30F4E72D520696007635CC /* Debug */ = {
			isa = XCBuildConfiguration;
			buildSettings = {
				CODE_SIGN_STYLE = Automatic;
				CURRENT_PROJECT_VERSION = 1;
				DEVELOPMENT_TEAM = BMZMVWGL7D;
				GENERATE_INFOPLIST_FILE = YES;
				MARKETING_VERSION = 1.0;
				PRODUCT_BUNDLE_IDENTIFIER = com.vincent.ArchitectureTestProjectUITests;
				PRODUCT_NAME = "$(TARGET_NAME)";
				SWIFT_EMIT_LOC_STRINGS = NO;
				SWIFT_VERSION = 5.0;
				TARGETED_DEVICE_FAMILY = "1,2";
				TEST_TARGET_NAME = ArchitectureTestProject;
			};
			name = Debug;
		};
		BF30F4E82D520696007635CC /* Release */ = {
			isa = XCBuildConfiguration;
			buildSettings = {
				CODE_SIGN_STYLE = Automatic;
				CURRENT_PROJECT_VERSION = 1;
				DEVELOPMENT_TEAM = BMZMVWGL7D;
				GENERATE_INFOPLIST_FILE = YES;
				MARKETING_VERSION = 1.0;
				PRODUCT_BUNDLE_IDENTIFIER = com.vincent.ArchitectureTestProjectUITests;
				PRODUCT_NAME = "$(TARGET_NAME)";
				SWIFT_EMIT_LOC_STRINGS = NO;
				SWIFT_VERSION = 5.0;
				TARGETED_DEVICE_FAMILY = "1,2";
				TEST_TARGET_NAME = ArchitectureTestProject;
			};
			name = Release;
		};
/* End XCBuildConfiguration section */

/* Begin XCConfigurationList section */
		BF30F4B22D520695007635CC /* Build configuration list for PBXProject "ArchitectureTestProject" */ = {
			isa = XCConfigurationList;
			buildConfigurations = (
				BF30F4DE2D520696007635CC /* Debug */,
				BF30F4DF2D520696007635CC /* Release */,
			);
			defaultConfigurationIsVisible = 0;
			defaultConfigurationName = Release;
		};
		BF30F4E02D520696007635CC /* Build configuration list for PBXNativeTarget "ArchitectureTestProject" */ = {
			isa = XCConfigurationList;
			buildConfigurations = (
				BF30F4E12D520696007635CC /* Debug */,
				BF30F4E22D520696007635CC /* Release */,
			);
			defaultConfigurationIsVisible = 0;
			defaultConfigurationName = Release;
		};
		BF30F4E32D520696007635CC /* Build configuration list for PBXNativeTarget "ArchitectureTestProjectTests" */ = {
			isa = XCConfigurationList;
			buildConfigurations = (
				BF30F4E42D520696007635CC /* Debug */,
				BF30F4E52D520696007635CC /* Release */,
			);
			defaultConfigurationIsVisible = 0;
			defaultConfigurationName = Release;
		};
		BF30F4E62D520696007635CC /* Build configuration list for PBXNativeTarget "ArchitectureTestProjectUITests" */ = {
			isa = XCConfigurationList;
			buildConfigurations = (
				BF30F4E72D520696007635CC /* Debug */,
				BF30F4E82D520696007635CC /* Release */,
			);
			defaultConfigurationIsVisible = 0;
			defaultConfigurationName = Release;
		};
/* End XCConfigurationList section */
	};
	rootObject = BF30F4AF2D520695007635CC /* Project object */;
}
